{
    "name": "onedevice",
    "version": "0.0.2",
    "lockfileVersion": 1,
    "requires": true,
    "dependencies": {
        "bindings": {
            "version": "1.2.1",
            "resolved": "https://registry.npmjs.org/bindings/-/bindings-1.2.1.tgz",
            "integrity": "sha1-FK1hE4EtLTfXLme0ystLtyZQXxE="
        },
        "canvas": {
            "version": "1.6.10",
            "resolved": "http://registry.npm.taobao.org/canvas/download/canvas-1.6.10.tgz",
            "integrity": "sha1-qpODVGQufWFHmuWnY3OzIz17usg=",
            "requires": {
                "nan": "2.10.0"
            },
            "dependencies": {
                "nan": {
                    "version": "2.10.0",
                    "resolved": "http://registry.npm.taobao.org/nan/download/nan-2.10.0.tgz",
                    "integrity": "sha1-ltDNYQ69WNS03pzAxoKM2pnHVI8="
                }
            }
        },
        "coffee-script": {
            "version": "1.9.1",
            "resolved": "https://registry.npmjs.org/coffee-script/-/coffee-script-1.9.1.tgz",
            "integrity": "sha1-xFjQIgD0YNBkp5y2qx7m4snKHDE="
        },
        "commander": {
            "version": "2.15.1",
            "resolved": "http://registry.npm.taobao.org/commander/download/commander-2.15.1.tgz",
            "integrity": "sha1-30boZ9D8Kuxmo0ZitAapzK//Ww8="
        },
        "floyd-steinberg": {
            "version": "1.0.5",
            "resolved": "https://registry.npm.taobao.org/floyd-steinberg/download/floyd-steinberg-1.0.5.tgz",
            "integrity": "sha1-ece4HnBXRQpAaea2FIboHHiQuIw="
        },
        "i2c": {
            "version": "0.2.3",
            "resolved": "http://registry.npm.taobao.org/i2c/download/i2c-0.2.3.tgz",
            "integrity": "sha1-9D9wKBQQJq5IrymQo3RjPR2rPSs=",
            "requires": {
                "bindings": "1.2.1",
                "coffee-script": "1.9.1",
                "nan": "2.3.5",
                "repl": "0.1.3",
                "underscore": "1.8.2"
            }
        },
        "nan": {
            "version": "2.3.5",
            "resolved": "https://registry.npmjs.org/nan/-/nan-2.3.5.tgz",
            "integrity": "sha1-gioNwmYpDOTNOhIoLKPn42Rmigg="
        },
        "node-dht-sensor": {
            "version": "0.0.32",
            "resolved": "https://registry.npm.taobao.org/node-dht-sensor/download/node-dht-sensor-0.0.32.tgz",
            "integrity": "sha1-m/aYiJjl3UNi/3ckyux+2JANJTI=",
            "requires": {
                "nan": "2.7.0"
            },
            "dependencies": {
                "nan": {
                    "version": "2.7.0",
                    "resolved": "https://registry.npm.taobao.org/nan/download/nan-2.7.0.tgz",
                    "integrity": "sha1-2Vv3IeyHfgjbJ27T/G63j5CDrUY="
                }
            }
        },
        "oled-font-5x7": {
            "version": "1.0.1",
            "resolved": "http://registry.npm.taobao.org/oled-font-5x7/download/oled-font-5x7-1.0.1.tgz",
            "integrity": "sha1-CW758eSAL7ek9WDMmlFeXs1obSs="
        },
        "oled-ssd1306-i2c": {
            "version": "1.0.6",
            "resolved": "https://registry.npm.taobao.org/oled-ssd1306-i2c/download/oled-ssd1306-i2c-1.0.6.tgz",
            "integrity": "sha1-mysTasYYLh74eKmcBtsxHdFvswc=",
            "requires": {
                "i2c": "0.2.3",
                "oled-font-5x7": "1.0.0",
                "png-to-lcd": "1.0.3",
                "pngparse": "2.0.1"
            },
            "dependencies": {
                "oled-font-5x7": {
                    "version": "1.0.0",
                    "resolved": "http://registry.npm.taobao.org/oled-font-5x7/download/oled-font-5x7-1.0.0.tgz",
                    "integrity": "sha1-SVmFzigIyg2aFucOXvYGgH5sg6Y="
                }
            }
        },
        "png-to-lcd": {
            "version": "1.0.3",
            "resolved": "https://registry.npm.taobao.org/png-to-lcd/download/png-to-lcd-1.0.3.tgz",
            "integrity": "sha1-QzH6YZlLJ2/Otnxbv2HZiDPBTBY=",
            "requires": {
                "floyd-steinberg": "1.0.5",
                "pngparse": "2.0.1"
            }
        },
        "pngparse": {
            "version": "2.0.1",
            "resolved": "https://registry.npm.taobao.org/pngparse/download/pngparse-2.0.1.tgz",
            "integrity": "sha1-hoUt5N40n077HoUudSVlXlrF37g="
        },
        "promirepl": {
            "version": "1.0.1",
            "resolved": "http://registry.npm.taobao.org/promirepl/download/promirepl-1.0.1.tgz",
            "integrity": "sha1-KVGq66K/P+InT/Y6FtlMBMpghy4="
        },
        "repl": {
            "version": "0.1.3",
            "resolved": "https://registry.npmjs.org/repl/-/repl-0.1.3.tgz",
            "integrity": "sha1-LwXUKwyItD0FzL2hDtFK7/Vpm2A="
        },
        "serialport": {
            "version": "5.0.0",
            "resolved": "http://registry.npm.taobao.org/serialport/download/serialport-5.0.0.tgz",
            "integrity": "sha1-CKGklOr1rNw0tadCPBh32ZfSqM8=",
            "requires": {
                "bindings": "1.3.0",
                "commander": "2.15.1",
                "debug": "2.6.8",
                "nan": "2.10.0",
                "node-pre-gyp": "0.6.36",
                "promirepl": "1.0.1",
                "safe-buffer": "5.1.1"
            },
            "dependencies": {
                "abbrev": {
                    "version": "1.1.0",
                    "bundled": true
                },
                "ajv": {
                    "version": "4.11.8",
                    "bundled": true,
                    "requires": {
                        "co": "4.6.0",
                        "json-stable-stringify": "1.0.1"
                    }
                },
                "ansi-regex": {
                    "version": "2.1.1",
                    "bundled": true
                },
                "aproba": {
                    "version": "1.1.2",
                    "bundled": true
                },
                "are-we-there-yet": {
                    "version": "1.1.4",
                    "bundled": true,
                    "requires": {
                        "delegates": "1.0.0",
                        "readable-stream": "2.3.3"
                    }
                },
                "asn1": {
                    "version": "0.2.3",
                    "bundled": true
                },
                "assert-plus": {
                    "version": "0.2.0",
                    "bundled": true
                },
                "asynckit": {
                    "version": "0.4.0",
                    "bundled": true
                },
                "aws-sign2": {
                    "version": "0.6.0",
                    "bundled": true
                },
                "aws4": {
                    "version": "1.6.0",
                    "bundled": true
                },
                "balanced-match": {
                    "version": "1.0.0",
                    "bundled": true
                },
                "bcrypt-pbkdf": {
                    "version": "1.0.1",
                    "bundled": true,
                    "optional": true,
                    "requires": {
                        "tweetnacl": "0.14.5"
                    }
                },
                "bindings": {
                    "version": "1.3.0",
                    "resolved": "http://registry.npm.taobao.org/bindings/download/bindings-1.3.0.tgz",
                    "integrity": "sha1-s0b27PapX1qBXFg5/HzbIlAvHtc="
                },
                "block-stream": {
                    "version": "0.0.9",
                    "bundled": true,
                    "requires": {
                        "inherits": "2.0.3"
                    }
                },
                "boom": {
                    "version": "2.10.1",
                    "bundled": true,
                    "requires": {
                        "hoek": "2.16.3"
                    }
                },
                "brace-expansion": {
                    "version": "1.1.8",
                    "bundled": true,
                    "requires": {
                        "balanced-match": "1.0.0",
                        "concat-map": "0.0.1"
                    }
                },
                "caseless": {
                    "version": "0.12.0",
                    "bundled": true
                },
                "co": {
                    "version": "4.6.0",
                    "bundled": true
                },
                "code-point-at": {
                    "version": "1.1.0",
                    "bundled": true
                },
                "combined-stream": {
                    "version": "1.0.5",
                    "bundled": true,
                    "requires": {
                        "delayed-stream": "1.0.0"
                    }
                },
                "concat-map": {
                    "version": "0.0.1",
                    "bundled": true
                },
                "console-control-strings": {
                    "version": "1.1.0",
                    "bundled": true
                },
                "core-util-is": {
                    "version": "1.0.2",
                    "bundled": true
                },
                "cryptiles": {
                    "version": "2.0.5",
                    "bundled": true,
                    "requires": {
                        "boom": "2.10.1"
                    }
                },
                "dashdash": {
                    "version": "1.14.1",
                    "bundled": true,
                    "requires": {
                        "assert-plus": "1.0.0"
                    },
                    "dependencies": {
                        "assert-plus": {
                            "version": "1.0.0",
                            "bundled": true
                        }
                    }
                },
                "debug": {
                    "version": "2.6.8",
                    "bundled": true,
                    "requires": {
                        "ms": "2.0.0"
                    }
                },
                "deep-extend": {
                    "version": "0.4.2",
                    "bundled": true
                },
                "delayed-stream": {
                    "version": "1.0.0",
                    "bundled": true
                },
                "delegates": {
                    "version": "1.0.0",
                    "bundled": true
                },
                "ecc-jsbn": {
                    "version": "0.1.1",
                    "bundled": true,
                    "optional": true,
                    "requires": {
                        "jsbn": "0.1.1"
                    }
                },
                "extend": {
                    "version": "3.0.1",
                    "bundled": true
                },
                "extsprintf": {
                    "version": "1.0.2",
                    "bundled": true
                },
                "forever-agent": {
                    "version": "0.6.1",
                    "bundled": true
                },
                "form-data": {
                    "version": "2.1.4",
                    "bundled": true,
                    "requires": {
                        "asynckit": "0.4.0",
                        "combined-stream": "1.0.5",
                        "mime-types": "2.1.16"
                    }
                },
                "fs.realpath": {
                    "version": "1.0.0",
                    "bundled": true
                },
                "fstream": {
                    "version": "1.0.11",
                    "bundled": true,
                    "requires": {
                        "graceful-fs": "4.1.11",
                        "inherits": "2.0.3",
                        "mkdirp": "0.5.1",
                        "rimraf": "2.6.1"
                    }
                },
                "fstream-ignore": {
                    "version": "1.0.5",
                    "bundled": true,
                    "requires": {
                        "fstream": "1.0.11",
                        "inherits": "2.0.3",
                        "minimatch": "3.0.4"
                    }
                },
                "gauge": {
                    "version": "2.7.4",
                    "bundled": true,
                    "requires": {
                        "aproba": "1.1.2",
                        "console-control-strings": "1.1.0",
                        "has-unicode": "2.0.1",
                        "object-assign": "4.1.1",
                        "signal-exit": "3.0.2",
                        "string-width": "1.0.2",
                        "strip-ansi": "3.0.1",
                        "wide-align": "1.1.2"
                    }
                },
                "getpass": {
                    "version": "0.1.7",
                    "bundled": true,
                    "requires": {
                        "assert-plus": "1.0.0"
                    },
                    "dependencies": {
                        "assert-plus": {
                            "version": "1.0.0",
                            "bundled": true
                        }
                    }
                },
                "glob": {
                    "version": "7.1.2",
                    "bundled": true,
                    "requires": {
                        "fs.realpath": "1.0.0",
                        "inflight": "1.0.6",
                        "inherits": "2.0.3",
                        "minimatch": "3.0.4",
                        "once": "1.4.0",
                        "path-is-absolute": "1.0.1"
                    }
                },
                "graceful-fs": {
                    "version": "4.1.11",
                    "bundled": true
                },
                "har-schema": {
                    "version": "1.0.5",
                    "bundled": true
                },
                "har-validator": {
                    "version": "4.2.1",
                    "bundled": true,
                    "requires": {
                        "ajv": "4.11.8",
                        "har-schema": "1.0.5"
                    }
                },
                "has-unicode": {
                    "version": "2.0.1",
                    "bundled": true
                },
                "hawk": {
                    "version": "3.1.3",
                    "bundled": true,
                    "requires": {
                        "boom": "2.10.1",
                        "cryptiles": "2.0.5",
                        "hoek": "2.16.3",
                        "sntp": "1.0.9"
                    }
                },
                "hoek": {
                    "version": "2.16.3",
                    "bundled": true
                },
                "http-signature": {
                    "version": "1.1.1",
                    "bundled": true,
                    "requires": {
                        "assert-plus": "0.2.0",
                        "jsprim": "1.4.0",
                        "sshpk": "1.13.1"
                    }
                },
                "inflight": {
                    "version": "1.0.6",
                    "bundled": true,
                    "requires": {
                        "once": "1.4.0",
                        "wrappy": "1.0.2"
                    }
                },
                "inherits": {
                    "version": "2.0.3",
                    "bundled": true
                },
                "ini": {
                    "version": "1.3.4",
                    "bundled": true
                },
                "is-fullwidth-code-point": {
                    "version": "1.0.0",
                    "bundled": true,
                    "requires": {
                        "number-is-nan": "1.0.1"
                    }
                },
                "is-typedarray": {
                    "version": "1.0.0",
                    "bundled": true
                },
                "isarray": {
                    "version": "1.0.0",
                    "bundled": true
                },
                "isstream": {
                    "version": "0.1.2",
                    "bundled": true
                },
                "jsbn": {
                    "version": "0.1.1",
                    "bundled": true,
                    "optional": true
                },
                "json-schema": {
                    "version": "0.2.3",
                    "bundled": true
                },
                "json-stable-stringify": {
                    "version": "1.0.1",
                    "bundled": true,
                    "requires": {
                        "jsonify": "0.0.0"
                    }
                },
                "json-stringify-safe": {
                    "version": "5.0.1",
                    "bundled": true
                },
                "jsonify": {
                    "version": "0.0.0",
                    "bundled": true
                },
                "jsprim": {
                    "version": "1.4.0",
                    "bundled": true,
                    "requires": {
                        "assert-plus": "1.0.0",
                        "extsprintf": "1.0.2",
                        "json-schema": "0.2.3",
                        "verror": "1.3.6"
                    },
                    "dependencies": {
                        "assert-plus": {
                            "version": "1.0.0",
                            "bundled": true
                        }
                    }
                },
                "mime-db": {
                    "version": "1.29.0",
                    "bundled": true
                },
                "mime-types": {
                    "version": "2.1.16",
                    "bundled": true,
                    "requires": {
                        "mime-db": "1.29.0"
                    }
                },
                "minimatch": {
                    "version": "3.0.4",
                    "bundled": true,
                    "requires": {
                        "brace-expansion": "1.1.8"
                    }
                },
                "minimist": {
                    "version": "0.0.8",
                    "bundled": true
                },
                "mkdirp": {
                    "version": "0.5.1",
                    "bundled": true,
                    "requires": {
                        "minimist": "0.0.8"
                    }
                },
                "ms": {
                    "version": "2.0.0",
                    "bundled": true
                },
                "nan": {
                    "version": "2.10.0",
                    "resolved": "http://registry.npm.taobao.org/nan/download/nan-2.10.0.tgz",
                    "integrity": "sha1-ltDNYQ69WNS03pzAxoKM2pnHVI8="
                },
                "node-pre-gyp": {
                    "version": "0.6.36",
                    "bundled": true,
                    "requires": {
                        "mkdirp": "0.5.1",
                        "nopt": "4.0.1",
                        "npmlog": "4.1.2",
                        "rc": "1.2.1",
                        "request": "2.81.0",
                        "rimraf": "2.6.1",
                        "semver": "5.4.1",
                        "tar": "2.2.1",
                        "tar-pack": "3.4.0"
                    }
                },
                "nopt": {
                    "version": "4.0.1",
                    "bundled": true,
                    "requires": {
                        "abbrev": "1.1.0",
                        "osenv": "0.1.4"
                    }
                },
                "npmlog": {
                    "version": "4.1.2",
                    "bundled": true,
                    "requires": {
                        "are-we-there-yet": "1.1.4",
                        "console-control-strings": "1.1.0",
                        "gauge": "2.7.4",
                        "set-blocking": "2.0.0"
                    }
                },
                "number-is-nan": {
                    "version": "1.0.1",
                    "bundled": true
                },
                "oauth-sign": {
                    "version": "0.8.2",
                    "bundled": true
                },
                "object-assign": {
                    "version": "4.1.1",
                    "bundled": true
                },
                "once": {
                    "version": "1.4.0",
                    "bundled": true,
                    "requires": {
                        "wrappy": "1.0.2"
                    }
                },
                "os-homedir": {
                    "version": "1.0.2",
                    "bundled": true
                },
                "os-tmpdir": {
                    "version": "1.0.2",
                    "bundled": true
                },
                "osenv": {
                    "version": "0.1.4",
                    "bundled": true,
                    "requires": {
                        "os-homedir": "1.0.2",
                        "os-tmpdir": "1.0.2"
                    }
                },
                "path-is-absolute": {
                    "version": "1.0.1",
                    "bundled": true
                },
                "performance-now": {
                    "version": "0.2.0",
                    "bundled": true
                },
                "process-nextick-args": {
                    "version": "1.0.7",
                    "bundled": true
                },
                "punycode": {
                    "version": "1.4.1",
                    "bundled": true
                },
                "qs": {
                    "version": "6.4.0",
                    "bundled": true
                },
                "rc": {
                    "version": "1.2.1",
                    "bundled": true,
                    "requires": {
                        "deep-extend": "0.4.2",
                        "ini": "1.3.4",
                        "minimist": "1.2.0",
                        "strip-json-comments": "2.0.1"
                    },
                    "dependencies": {
                        "minimist": {
                            "version": "1.2.0",
                            "bundled": true
                        }
                    }
                },
                "readable-stream": {
                    "version": "2.3.3",
                    "bundled": true,
                    "requires": {
                        "core-util-is": "1.0.2",
                        "inherits": "2.0.3",
                        "isarray": "1.0.0",
                        "process-nextick-args": "1.0.7",
                        "safe-buffer": "5.1.1",
                        "string_decoder": "1.0.3",
                        "util-deprecate": "1.0.2"
                    }
                },
                "request": {
                    "version": "2.81.0",
                    "bundled": true,
                    "requires": {
                        "aws-sign2": "0.6.0",
                        "aws4": "1.6.0",
                        "caseless": "0.12.0",
                        "combined-stream": "1.0.5",
                        "extend": "3.0.1",
                        "forever-agent": "0.6.1",
                        "form-data": "2.1.4",
                        "har-validator": "4.2.1",
                        "hawk": "3.1.3",
                        "http-signature": "1.1.1",
                        "is-typedarray": "1.0.0",
                        "isstream": "0.1.2",
                        "json-stringify-safe": "5.0.1",
                        "mime-types": "2.1.16",
                        "oauth-sign": "0.8.2",
                        "performance-now": "0.2.0",
                        "qs": "6.4.0",
                        "safe-buffer": "5.1.1",
                        "stringstream": "0.0.5",
                        "tough-cookie": "2.3.2",
                        "tunnel-agent": "0.6.0",
                        "uuid": "3.1.0"
                    }
                },
                "rimraf": {
                    "version": "2.6.1",
                    "bundled": true,
                    "requires": {
                        "glob": "7.1.2"
                    }
                },
                "safe-buffer": {
                    "version": "5.1.1",
                    "bundled": true
                },
                "semver": {
                    "version": "5.4.1",
                    "bundled": true
                },
                "set-blocking": {
                    "version": "2.0.0",
                    "bundled": true
                },
                "signal-exit": {
                    "version": "3.0.2",
                    "bundled": true
                },
                "sntp": {
                    "version": "1.0.9",
                    "bundled": true,
                    "requires": {
                        "hoek": "2.16.3"
                    }
                },
                "sshpk": {
                    "version": "1.13.1",
                    "bundled": true,
                    "requires": {
                        "asn1": "0.2.3",
                        "assert-plus": "1.0.0",
                        "bcrypt-pbkdf": "1.0.1",
                        "dashdash": "1.14.1",
                        "ecc-jsbn": "0.1.1",
                        "getpass": "0.1.7",
                        "jsbn": "0.1.1",
                        "tweetnacl": "0.14.5"
                    },
                    "dependencies": {
                        "assert-plus": {
                            "version": "1.0.0",
                            "bundled": true
                        }
                    }
                },
                "string-width": {
                    "version": "1.0.2",
                    "bundled": true,
                    "requires": {
                        "code-point-at": "1.1.0",
                        "is-fullwidth-code-point": "1.0.0",
                        "strip-ansi": "3.0.1"
                    }
                },
                "string_decoder": {
                    "version": "1.0.3",
                    "bundled": true,
                    "requires": {
                        "safe-buffer": "5.1.1"
                    }
                },
                "stringstream": {
                    "version": "0.0.5",
                    "bundled": true
                },
                "strip-ansi": {
                    "version": "3.0.1",
                    "bundled": true,
                    "requires": {
                        "ansi-regex": "2.1.1"
                    }
                },
                "strip-json-comments": {
                    "version": "2.0.1",
                    "bundled": true
                },
                "tar": {
                    "version": "2.2.1",
                    "bundled": true,
                    "requires": {
                        "block-stream": "0.0.9",
                        "fstream": "1.0.11",
                        "inherits": "2.0.3"
                    }
                },
                "tar-pack": {
                    "version": "3.4.0",
                    "bundled": true,
                    "requires": {
                        "debug": "2.6.8",
                        "fstream": "1.0.11",
                        "fstream-ignore": "1.0.5",
                        "once": "1.4.0",
                        "readable-stream": "2.3.3",
                        "rimraf": "2.6.1",
                        "tar": "2.2.1",
                        "uid-number": "0.0.6"
                    }
                },
                "tough-cookie": {
                    "version": "2.3.2",
                    "bundled": true,
                    "requires": {
                        "punycode": "1.4.1"
                    }
                },
                "tunnel-agent": {
                    "version": "0.6.0",
                    "bundled": true,
                    "requires": {
                        "safe-buffer": "5.1.1"
                    }
                },
                "tweetnacl": {
                    "version": "0.14.5",
                    "bundled": true,
                    "optional": true
                },
                "uid-number": {
                    "version": "0.0.6",
                    "bundled": true
                },
                "util-deprecate": {
                    "version": "1.0.2",
                    "bundled": true
                },
                "uuid": {
                    "version": "3.1.0",
                    "bundled": true
                },
                "verror": {
                    "version": "1.3.6",
                    "bundled": true,
                    "requires": {
                        "extsprintf": "1.0.2"
                    }
                },
                "wide-align": {
                    "version": "1.1.2",
                    "bundled": true,
                    "requires": {
                        "string-width": "1.0.2"
                    }
                },
                "wrappy": {
                    "version": "1.0.2",
                    "bundled": true
                }
            }
        },
        "underscore": {
            "version": "1.8.2",
            "resolved": "https://registry.npmjs.org/underscore/-/underscore-1.8.2.tgz",
            "integrity": "sha1-ZN8utZCJnelQeC83NRkLpC6/MR0="
        }
    }
}
